<?xml version="1.0" encoding="utf-8"?>
<Project ToolsVersion="4.0" xmlns="http://schemas.microsoft.com/developer/msbuild/2003">
  <ItemGroup>
    <Filter Include="Исходные файлы">
      <UniqueIdentifier>{4FC737F1-C7A5-4376-A066-2A32D752A2FF}</UniqueIdentifier>
      <Extensions>cpp;c;cc;cxx;c++;def;odl;idl;hpj;bat;asm;asmx</Extensions>
    </Filter>
    <Filter Include="Файлы заголовков">
      <UniqueIdentifier>{93995380-89BD-4b04-88EB-625FBE52EBFB}</UniqueIdentifier>
      <Extensions>h;hh;hpp;hxx;h++;hm;inl;inc;ipp;xsd</Extensions>
    </Filter>
    <Filter Include="Файлы ресурсов">
      <UniqueIdentifier>{67DA6AB6-F800-4c08-8B7A-83BB121AAD01}</UniqueIdentifier>
      <Extensions>rc;ico;cur;bmp;dlg;rc2;rct;bin;rgs;gif;jpg;jpeg;jpe;resx;tiff;tif;png;wav;mfcribbon-ms</Extensions>
    </Filter>
    <Filter Include="Shaders">
      <UniqueIdentifier>{55d89472-d9c0-416b-9c49-13e08aa32371}</UniqueIdentifier>
    </Filter>
    <Filter Include="Graphics">
      <UniqueIdentifier>{195679bf-3a48-4dee-945a-fb36ee36c06f}</UniqueIdentifier>
    </Filter>
    <Filter Include="Loaders">
      <UniqueIdentifier>{72146403-3ec4-4c40-b566-37d6e42ec354}</UniqueIdentifier>
    </Filter>
    <Filter Include="Voxels">
      <UniqueIdentifier>{f2a9cab6-7b1d-41fd-98a5-cf12119e6840}</UniqueIdentifier>
    </Filter>
    <Filter Include="GUI">
      <UniqueIdentifier>{d92ad348-af12-4750-9f69-444e39011d8c}</UniqueIdentifier>
    </Filter>
  </ItemGroup>
  <ItemGroup>
    <ClCompile Include="main.cpp">
      <Filter>Исходные файлы</Filter>
    </ClCompile>
    <ClCompile Include="EventHandler.cpp">
      <Filter>Исходные файлы</Filter>
    </ClCompile>
    <ClCompile Include="Graphics\Shader.cpp">
      <Filter>Graphics</Filter>
    </ClCompile>
    <ClCompile Include="Graphics\Texture.cpp">
      <Filter>Graphics</Filter>
    </ClCompile>
    <ClCompile Include="Loaders\pngLoader.cpp">
      <Filter>Loaders</Filter>
    </ClCompile>
    <ClCompile Include="defines.cpp">
      <Filter>Исходные файлы</Filter>
    </ClCompile>
    <ClCompile Include="Mesh.cpp">
      <Filter>Graphics</Filter>
    </ClCompile>
    <ClCompile Include="Camera.cpp">
      <Filter>Graphics</Filter>
    </ClCompile>
    <ClCompile Include="Window.cpp">
      <Filter>Graphics</Filter>
    </ClCompile>
    <ClCompile Include="Graphics\VoxelRenderer.cpp">
      <Filter>Graphics</Filter>
    </ClCompile>
    <ClCompile Include="Voxels\Chunk.cpp">
      <Filter>Voxels</Filter>
    </ClCompile>
    <ClCompile Include="Voxels\Voxel.cpp">
      <Filter>Voxels</Filter>
    </ClCompile>
    <ClCompile Include="Voxels\Chunks.cpp">
      <Filter>Voxels</Filter>
    </ClCompile>
    <ClCompile Include="Graphics\LineBatch.cpp">
      <Filter>Graphics</Filter>
    </ClCompile>
    <ClCompile Include="Voxels\BlockStore.cpp">
      <Filter>Voxels</Filter>
    </ClCompile>
    <ClCompile Include="GUI\GUI.cpp">
      <Filter>GUI</Filter>
    </ClCompile>
    <ClCompile Include="GUI\Button.cpp">
      <Filter>GUI</Filter>
    </ClCompile>
    <ClCompile Include="GUI\Sprite.cpp">
      <Filter>GUI</Filter>
    </ClCompile>
    <ClCompile Include="GUI\GUIObject.cpp">
      <Filter>GUI</Filter>
    </ClCompile>
    <ClCompile Include="Player.cpp">
      <Filter>Graphics</Filter>
    </ClCompile>
  </ItemGroup>
  <ItemGroup>
    <None Include="packages.config" />
    <None Include="Graphics\Shaders\fragmentShader.glsl">
      <Filter>Shaders</Filter>
    </None>
    <None Include="Graphics\Shaders\vertexShader.glsl">
      <Filter>Shaders</Filter>
    </None>
    <None Include="Graphics\Shaders\linesVertex.glsl">
      <Filter>Shaders</Filter>
    </None>
    <None Include="Graphics\Shaders\linesFragment.glsl">
      <Filter>Shaders</Filter>
    </None>
  </ItemGroup>
  <ItemGroup>
    <ClInclude Include="EventHandler.h">
      <Filter>Файлы заголовков</Filter>
    </ClInclude>
    <ClInclude Include="Graphics\Shader.h">
      <Filter>Graphics</Filter>
    </ClInclude>
    <ClInclude Include="Graphics\Texture.h">
      <Filter>Graphics</Filter>
    </ClInclude>
    <ClInclude Include="Loaders\pngLoader.h">
      <Filter>Loaders</Filter>
    </ClInclude>
    <ClInclude Include="Mesh.h">
      <Filter>Graphics</Filter>
    </ClInclude>
    <ClInclude Include="Camera.h">
      <Filter>Graphics</Filter>
    </ClInclude>
    <ClInclude Include="Window.h">
      <Filter>Graphics</Filter>
    </ClInclude>
    <ClInclude Include="Graphics\VoxelRenderer.h">
      <Filter>Graphics</Filter>
    </ClInclude>
    <ClInclude Include="Voxels\Chunk.h">
      <Filter>Voxels</Filter>
    </ClInclude>
    <ClInclude Include="Voxels\Voxel.h">
      <Filter>Voxels</Filter>
    </ClInclude>
    <ClInclude Include="Voxels\Chunks.h">
      <Filter>Voxels</Filter>
    </ClInclude>
    <ClInclude Include="Graphics\LineBatch.h">
      <Filter>Graphics</Filter>
    </ClInclude>
    <ClInclude Include="Voxels\BlockStore.h">
      <Filter>Voxels</Filter>
    </ClInclude>
    <ClInclude Include="GUI\GUI.h">
      <Filter>GUI</Filter>
    </ClInclude>
    <ClInclude Include="GUI\Button.h">
      <Filter>GUI</Filter>
    </ClInclude>
    <ClInclude Include="GUI\Sprite.h">
      <Filter>GUI</Filter>
    </ClInclude>
    <ClInclude Include="GUI\GUIObject.h">
      <Filter>GUI</Filter>
    </ClInclude>
    <ClInclude Include="Player.h">
      <Filter>Graphics</Filter>
    </ClInclude>
  </ItemGroup>
</Project>